
Microsoft Visual Studio Solution File, Format Version 12.00
# Visual Studio Version 16
VisualStudioVersion = 16.0.30717.126
MinimumVisualStudioVersion = 10.0.40219.1
Project("{9A19103F-16F7-4668-BE54-9A1E7A4F7556}") = "WPFFirstSteps", "WPFFIrstSteps\WPFFirstSteps.csproj", "{9776FA67-16ED-435B-8045-DFC7C97DA1CA}"
EndProject
Project("{9A19103F-16F7-4668-BE54-9A1E7A4F7556}") = "TicTacToeWPF", "TicTacToeWPF\TicTacToeWPF.csproj", "{C4D46B7F-7B35-4548-9322-8455D1362D2B}"
EndProject
Project("{9A19103F-16F7-4668-BE54-9A1E7A4F7556}") = "TicTacToe", "TicTacToe\TicTacToe.csproj", "{07CAAD9A-090E-4FA2-85D5-CBB3AA39BFBC}"
EndProject
Project("{9A19103F-16F7-4668-BE54-9A1E7A4F7556}") = "DrumPad", "DrumPad\DrumPad.csproj", "{5B75D583-EEE2-47A4-9BFA-EC0C1D409E56}"
EndProject
Project("{2150E333-8FDC-42A3-9474-1A3956D46DE8}") = "SolutionItems", "SolutionItems", "{44686D74-14AA-4AED-B804-8F8227A732C0}"
	ProjectSection(SolutionItems) = preProject
		ReadMe.md = ReadMe.md
	EndProjectSection
EndProject
Project("{9A19103F-16F7-4668-BE54-9A1E7A4F7556}") = "Memory", "Memory\Memory.csproj", "{CA8BB79A-2C5D-43D0-A83A-9AA118445458}"
EndProject
Project("{2150E333-8FDC-42A3-9474-1A3956D46DE8}") = "Solution Items", "Solution Items", "{A53E334F-EA41-4704-A6BE-6A0CE9B3DA90}"
	ProjectSection(SolutionItems) = preProject
		.editorconfig = .editorconfig
	EndProjectSection
EndProject
Project("{FAE04EC0-301F-11D3-BF4B-00C04F79EFBC}") = "Container", "Container\Container.csproj", "{D8CB2371-A6CB-4D26-8A14-245EB8EBFB4C}"
EndProject
Project("{9A19103F-16F7-4668-BE54-9A1E7A4F7556}") = "ContainerTest", "ContainerTest\ContainerTest.csproj", "{7FC78F80-53A2-4ABD-964C-B4919C0CC6D7}"
EndProject
Project("{FAE04EC0-301F-11D3-BF4B-00C04F79EFBC}") = "TicTacToeTest", "TicTacToeTest\TicTacToeTest.csproj", "{967E17DD-F649-4DEB-8ED0-85B19F8D5F1B}"
EndProject
Project("{9A19103F-16F7-4668-BE54-9A1E7A4F7556}") = "Binding", "Binding\Binding.csproj", "{FBF188A2-CAA3-4A26-8E6C-CB7499B59557}"
EndProject
Project("{9A19103F-16F7-4668-BE54-9A1E7A4F7556}") = "MVVM-View", "MVVM-View\MVVM-View.csproj", "{9F459678-A541-4439-962D-1DCC3562EC38}"
EndProject
Project("{9A19103F-16F7-4668-BE54-9A1E7A4F7556}") = "MVVM-Test", "MVVM-Test\MVVM-Test.csproj", "{B6B5C228-E3E2-4849-882B-7FC0CFBB32B0}"
EndProject
Project("{FAE04EC0-301F-11D3-BF4B-00C04F79EFBC}") = "MVVM-ViewModel", "MVVM-ViewModel\MVVM-ViewModel.csproj", "{8442F5E5-618D-4BFC-9C4F-5B6AE4BB2740}"
EndProject
Project("{FAE04EC0-301F-11D3-BF4B-00C04F79EFBC}") = "TaschenrechnerLogic", "TaschenrechnerLogic\TaschenrechnerLogic.csproj", "{869751D8-8EA8-401E-A04F-416A60CB75C8}"
EndProject
Project("{FAE04EC0-301F-11D3-BF4B-00C04F79EFBC}") = "TaschenrechnerGui", "TaschenrechnerGui\TaschenrechnerGui.csproj", "{6D5DD4A9-3160-4AB5-8463-71A1272C48F4}"
EndProject
Project("{9A19103F-16F7-4668-BE54-9A1E7A4F7556}") = "Login", "Login\Login.csproj", "{CE4292DF-017B-4BC5-A69E-E1FB367EC374}"
EndProject
Project("{9A19103F-16F7-4668-BE54-9A1E7A4F7556}") = "AdressbuchGui", "AdressbuchGui\AdressbuchGui.csproj", "{4828DAEC-EF99-4553-B674-4374F77C6D66}"
EndProject
Project("{9A19103F-16F7-4668-BE54-9A1E7A4F7556}") = "AdressbuchLogic", "AdressbuchLogic\AdressbuchLogic.csproj", "{CE70724B-BDC1-4BE7-968C-3209574E094A}"
EndProject
Project("{9A19103F-16F7-4668-BE54-9A1E7A4F7556}") = "MultiThreading", "MultiThreading\MultiThreading.csproj", "{15826A77-C691-4AEC-99C7-F61E71C0F886}"
EndProject
Project("{9A19103F-16F7-4668-BE54-9A1E7A4F7556}") = "ThreadingConsole", "ThreadingConsole\ThreadingConsole.csproj", "{10994998-8C37-43E3-9389-930E212CFD31}"
EndProject
Project("{FAE04EC0-301F-11D3-BF4B-00C04F79EFBC}") = "MutliThreadingUebung", "MutliThtreadingUebung\MutliThreadingUebung.csproj", "{9719B937-612C-46FC-A9C8-37A1139CB4D9}"
EndProject
Global
	GlobalSection(SolutionConfigurationPlatforms) = preSolution
		Debug|Any CPU = Debug|Any CPU
		Debug|x64 = Debug|x64
		Debug|x86 = Debug|x86
		Release|Any CPU = Release|Any CPU
		Release|x64 = Release|x64
		Release|x86 = Release|x86
	EndGlobalSection
	GlobalSection(ProjectConfigurationPlatforms) = postSolution
		{9776FA67-16ED-435B-8045-DFC7C97DA1CA}.Debug|Any CPU.ActiveCfg = Debug|Any CPU
		{9776FA67-16ED-435B-8045-DFC7C97DA1CA}.Debug|Any CPU.Build.0 = Debug|Any CPU
		{9776FA67-16ED-435B-8045-DFC7C97DA1CA}.Debug|x64.ActiveCfg = Debug|Any CPU
		{9776FA67-16ED-435B-8045-DFC7C97DA1CA}.Debug|x86.ActiveCfg = Debug|Any CPU
		{9776FA67-16ED-435B-8045-DFC7C97DA1CA}.Release|Any CPU.ActiveCfg = Release|Any CPU
		{9776FA67-16ED-435B-8045-DFC7C97DA1CA}.Release|Any CPU.Build.0 = Release|Any CPU
		{9776FA67-16ED-435B-8045-DFC7C97DA1CA}.Release|x64.ActiveCfg = Release|Any CPU
		{9776FA67-16ED-435B-8045-DFC7C97DA1CA}.Release|x86.ActiveCfg = Release|Any CPU
		{C4D46B7F-7B35-4548-9322-8455D1362D2B}.Debug|Any CPU.ActiveCfg = Debug|Any CPU
		{C4D46B7F-7B35-4548-9322-8455D1362D2B}.Debug|Any CPU.Build.0 = Debug|Any CPU
		{C4D46B7F-7B35-4548-9322-8455D1362D2B}.Debug|x64.ActiveCfg = Debug|Any CPU
		{C4D46B7F-7B35-4548-9322-8455D1362D2B}.Debug|x86.ActiveCfg = Debug|Any CPU
		{C4D46B7F-7B35-4548-9322-8455D1362D2B}.Release|Any CPU.ActiveCfg = Release|Any CPU
		{C4D46B7F-7B35-4548-9322-8455D1362D2B}.Release|Any CPU.Build.0 = Release|Any CPU
		{C4D46B7F-7B35-4548-9322-8455D1362D2B}.Release|x64.ActiveCfg = Release|Any CPU
		{C4D46B7F-7B35-4548-9322-8455D1362D2B}.Release|x86.ActiveCfg = Release|Any CPU
		{07CAAD9A-090E-4FA2-85D5-CBB3AA39BFBC}.Debug|Any CPU.ActiveCfg = Debug|Any CPU
		{07CAAD9A-090E-4FA2-85D5-CBB3AA39BFBC}.Debug|Any CPU.Build.0 = Debug|Any CPU
		{07CAAD9A-090E-4FA2-85D5-CBB3AA39BFBC}.Debug|x64.ActiveCfg = Debug|Any CPU
		{07CAAD9A-090E-4FA2-85D5-CBB3AA39BFBC}.Debug|x86.ActiveCfg = Debug|Any CPU
		{07CAAD9A-090E-4FA2-85D5-CBB3AA39BFBC}.Release|Any CPU.ActiveCfg = Release|Any CPU
		{07CAAD9A-090E-4FA2-85D5-CBB3AA39BFBC}.Release|Any CPU.Build.0 = Release|Any CPU
		{07CAAD9A-090E-4FA2-85D5-CBB3AA39BFBC}.Release|x64.ActiveCfg = Release|Any CPU
		{07CAAD9A-090E-4FA2-85D5-CBB3AA39BFBC}.Release|x86.ActiveCfg = Release|Any CPU
		{5B75D583-EEE2-47A4-9BFA-EC0C1D409E56}.Debug|Any CPU.ActiveCfg = Debug|Any CPU
		{5B75D583-EEE2-47A4-9BFA-EC0C1D409E56}.Debug|Any CPU.Build.0 = Debug|Any CPU
		{5B75D583-EEE2-47A4-9BFA-EC0C1D409E56}.Debug|x64.ActiveCfg = Debug|Any CPU
		{5B75D583-EEE2-47A4-9BFA-EC0C1D409E56}.Debug|x86.ActiveCfg = Debug|Any CPU
		{5B75D583-EEE2-47A4-9BFA-EC0C1D409E56}.Release|Any CPU.ActiveCfg = Release|Any CPU
		{5B75D583-EEE2-47A4-9BFA-EC0C1D409E56}.Release|Any CPU.Build.0 = Release|Any CPU
		{5B75D583-EEE2-47A4-9BFA-EC0C1D409E56}.Release|x64.ActiveCfg = Release|Any CPU
		{5B75D583-EEE2-47A4-9BFA-EC0C1D409E56}.Release|x86.ActiveCfg = Release|Any CPU
		{CA8BB79A-2C5D-43D0-A83A-9AA118445458}.Debug|Any CPU.ActiveCfg = Debug|Any CPU
		{CA8BB79A-2C5D-43D0-A83A-9AA118445458}.Debug|Any CPU.Build.0 = Debug|Any CPU
		{CA8BB79A-2C5D-43D0-A83A-9AA118445458}.Debug|x64.ActiveCfg = Debug|Any CPU
		{CA8BB79A-2C5D-43D0-A83A-9AA118445458}.Debug|x86.ActiveCfg = Debug|Any CPU
		{CA8BB79A-2C5D-43D0-A83A-9AA118445458}.Release|Any CPU.ActiveCfg = Release|Any CPU
		{CA8BB79A-2C5D-43D0-A83A-9AA118445458}.Release|Any CPU.Build.0 = Release|Any CPU
		{CA8BB79A-2C5D-43D0-A83A-9AA118445458}.Release|x64.ActiveCfg = Release|Any CPU
		{CA8BB79A-2C5D-43D0-A83A-9AA118445458}.Release|x86.ActiveCfg = Release|Any CPU
		{D8CB2371-A6CB-4D26-8A14-245EB8EBFB4C}.Debug|Any CPU.ActiveCfg = Debug|Any CPU
		{D8CB2371-A6CB-4D26-8A14-245EB8EBFB4C}.Debug|Any CPU.Build.0 = Debug|Any CPU
		{D8CB2371-A6CB-4D26-8A14-245EB8EBFB4C}.Debug|x64.ActiveCfg = Debug|Any CPU
		{D8CB2371-A6CB-4D26-8A14-245EB8EBFB4C}.Debug|x86.ActiveCfg = Debug|Any CPU
		{D8CB2371-A6CB-4D26-8A14-245EB8EBFB4C}.Release|Any CPU.ActiveCfg = Release|Any CPU
		{D8CB2371-A6CB-4D26-8A14-245EB8EBFB4C}.Release|Any CPU.Build.0 = Release|Any CPU
		{D8CB2371-A6CB-4D26-8A14-245EB8EBFB4C}.Release|x64.ActiveCfg = Release|Any CPU
		{D8CB2371-A6CB-4D26-8A14-245EB8EBFB4C}.Release|x86.ActiveCfg = Release|Any CPU
		{7FC78F80-53A2-4ABD-964C-B4919C0CC6D7}.Debug|Any CPU.ActiveCfg = Debug|Any CPU
		{7FC78F80-53A2-4ABD-964C-B4919C0CC6D7}.Debug|Any CPU.Build.0 = Debug|Any CPU
		{7FC78F80-53A2-4ABD-964C-B4919C0CC6D7}.Debug|x64.ActiveCfg = Debug|Any CPU
		{7FC78F80-53A2-4ABD-964C-B4919C0CC6D7}.Debug|x86.ActiveCfg = Debug|Any CPU
		{7FC78F80-53A2-4ABD-964C-B4919C0CC6D7}.Release|Any CPU.ActiveCfg = Release|Any CPU
		{7FC78F80-53A2-4ABD-964C-B4919C0CC6D7}.Release|Any CPU.Build.0 = Release|Any CPU
		{7FC78F80-53A2-4ABD-964C-B4919C0CC6D7}.Release|x64.ActiveCfg = Release|Any CPU
		{7FC78F80-53A2-4ABD-964C-B4919C0CC6D7}.Release|x86.ActiveCfg = Release|Any CPU
		{967E17DD-F649-4DEB-8ED0-85B19F8D5F1B}.Debug|Any CPU.ActiveCfg = Debug|Any CPU
		{967E17DD-F649-4DEB-8ED0-85B19F8D5F1B}.Debug|Any CPU.Build.0 = Debug|Any CPU
		{967E17DD-F649-4DEB-8ED0-85B19F8D5F1B}.Debug|x64.ActiveCfg = Debug|Any CPU
		{967E17DD-F649-4DEB-8ED0-85B19F8D5F1B}.Debug|x86.ActiveCfg = Debug|Any CPU
		{967E17DD-F649-4DEB-8ED0-85B19F8D5F1B}.Release|Any CPU.ActiveCfg = Release|Any CPU
		{967E17DD-F649-4DEB-8ED0-85B19F8D5F1B}.Release|Any CPU.Build.0 = Release|Any CPU
		{967E17DD-F649-4DEB-8ED0-85B19F8D5F1B}.Release|x64.ActiveCfg = Release|Any CPU
		{967E17DD-F649-4DEB-8ED0-85B19F8D5F1B}.Release|x86.ActiveCfg = Release|Any CPU
		{FBF188A2-CAA3-4A26-8E6C-CB7499B59557}.Debug|Any CPU.ActiveCfg = Debug|Any CPU
		{FBF188A2-CAA3-4A26-8E6C-CB7499B59557}.Debug|Any CPU.Build.0 = Debug|Any CPU
		{FBF188A2-CAA3-4A26-8E6C-CB7499B59557}.Debug|x64.ActiveCfg = Debug|Any CPU
		{FBF188A2-CAA3-4A26-8E6C-CB7499B59557}.Debug|x86.ActiveCfg = Debug|Any CPU
		{FBF188A2-CAA3-4A26-8E6C-CB7499B59557}.Release|Any CPU.ActiveCfg = Release|Any CPU
		{FBF188A2-CAA3-4A26-8E6C-CB7499B59557}.Release|Any CPU.Build.0 = Release|Any CPU
		{FBF188A2-CAA3-4A26-8E6C-CB7499B59557}.Release|x64.ActiveCfg = Release|Any CPU
		{FBF188A2-CAA3-4A26-8E6C-CB7499B59557}.Release|x86.ActiveCfg = Release|Any CPU
		{9F459678-A541-4439-962D-1DCC3562EC38}.Debug|Any CPU.ActiveCfg = Debug|Any CPU
		{9F459678-A541-4439-962D-1DCC3562EC38}.Debug|Any CPU.Build.0 = Debug|Any CPU
		{9F459678-A541-4439-962D-1DCC3562EC38}.Debug|x64.ActiveCfg = Debug|Any CPU
		{9F459678-A541-4439-962D-1DCC3562EC38}.Debug|x86.ActiveCfg = Debug|Any CPU
		{9F459678-A541-4439-962D-1DCC3562EC38}.Release|Any CPU.ActiveCfg = Release|Any CPU
		{9F459678-A541-4439-962D-1DCC3562EC38}.Release|Any CPU.Build.0 = Release|Any CPU
		{9F459678-A541-4439-962D-1DCC3562EC38}.Release|x64.ActiveCfg = Release|Any CPU
		{9F459678-A541-4439-962D-1DCC3562EC38}.Release|x86.ActiveCfg = Release|Any CPU
		{B6B5C228-E3E2-4849-882B-7FC0CFBB32B0}.Debug|Any CPU.ActiveCfg = Debug|Any CPU
		{B6B5C228-E3E2-4849-882B-7FC0CFBB32B0}.Debug|Any CPU.Build.0 = Debug|Any CPU
		{B6B5C228-E3E2-4849-882B-7FC0CFBB32B0}.Debug|x64.ActiveCfg = Debug|Any CPU
		{B6B5C228-E3E2-4849-882B-7FC0CFBB32B0}.Debug|x86.ActiveCfg = Debug|Any CPU
		{B6B5C228-E3E2-4849-882B-7FC0CFBB32B0}.Release|Any CPU.ActiveCfg = Release|Any CPU
		{B6B5C228-E3E2-4849-882B-7FC0CFBB32B0}.Release|Any CPU.Build.0 = Release|Any CPU
		{B6B5C228-E3E2-4849-882B-7FC0CFBB32B0}.Release|x64.ActiveCfg = Release|Any CPU
		{B6B5C228-E3E2-4849-882B-7FC0CFBB32B0}.Release|x86.ActiveCfg = Release|Any CPU
		{8442F5E5-618D-4BFC-9C4F-5B6AE4BB2740}.Debug|Any CPU.ActiveCfg = Debug|Any CPU
		{8442F5E5-618D-4BFC-9C4F-5B6AE4BB2740}.Debug|Any CPU.Build.0 = Debug|Any CPU
		{8442F5E5-618D-4BFC-9C4F-5B6AE4BB2740}.Debug|x64.ActiveCfg = Debug|Any CPU
		{8442F5E5-618D-4BFC-9C4F-5B6AE4BB2740}.Debug|x86.ActiveCfg = Debug|Any CPU
		{8442F5E5-618D-4BFC-9C4F-5B6AE4BB2740}.Release|Any CPU.ActiveCfg = Release|Any CPU
		{8442F5E5-618D-4BFC-9C4F-5B6AE4BB2740}.Release|Any CPU.Build.0 = Release|Any CPU
		{8442F5E5-618D-4BFC-9C4F-5B6AE4BB2740}.Release|x64.ActiveCfg = Release|Any CPU
		{8442F5E5-618D-4BFC-9C4F-5B6AE4BB2740}.Release|x86.ActiveCfg = Release|Any CPU
		{869751D8-8EA8-401E-A04F-416A60CB75C8}.Debug|Any CPU.ActiveCfg = Debug|Any CPU
		{869751D8-8EA8-401E-A04F-416A60CB75C8}.Debug|Any CPU.Build.0 = Debug|Any CPU
		{869751D8-8EA8-401E-A04F-416A60CB75C8}.Debug|x64.ActiveCfg = Debug|Any CPU
		{869751D8-8EA8-401E-A04F-416A60CB75C8}.Debug|x86.ActiveCfg = Debug|Any CPU
		{869751D8-8EA8-401E-A04F-416A60CB75C8}.Release|Any CPU.ActiveCfg = Release|Any CPU
		{869751D8-8EA8-401E-A04F-416A60CB75C8}.Release|Any CPU.Build.0 = Release|Any CPU
		{869751D8-8EA8-401E-A04F-416A60CB75C8}.Release|x64.ActiveCfg = Release|Any CPU
		{869751D8-8EA8-401E-A04F-416A60CB75C8}.Release|x86.ActiveCfg = Release|Any CPU
		{6D5DD4A9-3160-4AB5-8463-71A1272C48F4}.Debug|Any CPU.ActiveCfg = Debug|Any CPU
		{6D5DD4A9-3160-4AB5-8463-71A1272C48F4}.Debug|Any CPU.Build.0 = Debug|Any CPU
		{6D5DD4A9-3160-4AB5-8463-71A1272C48F4}.Debug|x64.ActiveCfg = Debug|Any CPU
		{6D5DD4A9-3160-4AB5-8463-71A1272C48F4}.Debug|x86.ActiveCfg = Debug|Any CPU
		{6D5DD4A9-3160-4AB5-8463-71A1272C48F4}.Release|Any CPU.ActiveCfg = Release|Any CPU
		{6D5DD4A9-3160-4AB5-8463-71A1272C48F4}.Release|Any CPU.Build.0 = Release|Any CPU
		{6D5DD4A9-3160-4AB5-8463-71A1272C48F4}.Release|x64.ActiveCfg = Release|Any CPU
		{6D5DD4A9-3160-4AB5-8463-71A1272C48F4}.Release|x86.ActiveCfg = Release|Any CPU
		{CE4292DF-017B-4BC5-A69E-E1FB367EC374}.Debug|Any CPU.ActiveCfg = Debug|Any CPU
		{CE4292DF-017B-4BC5-A69E-E1FB367EC374}.Debug|Any CPU.Build.0 = Debug|Any CPU
		{CE4292DF-017B-4BC5-A69E-E1FB367EC374}.Debug|x64.ActiveCfg = Debug|Any CPU
		{CE4292DF-017B-4BC5-A69E-E1FB367EC374}.Debug|x86.ActiveCfg = Debug|Any CPU
		{CE4292DF-017B-4BC5-A69E-E1FB367EC374}.Release|Any CPU.ActiveCfg = Release|Any CPU
		{CE4292DF-017B-4BC5-A69E-E1FB367EC374}.Release|Any CPU.Build.0 = Release|Any CPU
		{CE4292DF-017B-4BC5-A69E-E1FB367EC374}.Release|x64.ActiveCfg = Release|Any CPU
		{CE4292DF-017B-4BC5-A69E-E1FB367EC374}.Release|x86.ActiveCfg = Release|Any CPU
		{4828DAEC-EF99-4553-B674-4374F77C6D66}.Debug|Any CPU.ActiveCfg = Debug|Any CPU
		{4828DAEC-EF99-4553-B674-4374F77C6D66}.Debug|Any CPU.Build.0 = Debug|Any CPU
		{4828DAEC-EF99-4553-B674-4374F77C6D66}.Debug|x64.ActiveCfg = Debug|x64
		{4828DAEC-EF99-4553-B674-4374F77C6D66}.Debug|x64.Build.0 = Debug|x64
		{4828DAEC-EF99-4553-B674-4374F77C6D66}.Debug|x86.ActiveCfg = Debug|x86
		{4828DAEC-EF99-4553-B674-4374F77C6D66}.Debug|x86.Build.0 = Debug|x86
		{4828DAEC-EF99-4553-B674-4374F77C6D66}.Release|Any CPU.ActiveCfg = Release|Any CPU
		{4828DAEC-EF99-4553-B674-4374F77C6D66}.Release|Any CPU.Build.0 = Release|Any CPU
		{4828DAEC-EF99-4553-B674-4374F77C6D66}.Release|x64.ActiveCfg = Release|x64
		{4828DAEC-EF99-4553-B674-4374F77C6D66}.Release|x64.Build.0 = Release|x64
		{4828DAEC-EF99-4553-B674-4374F77C6D66}.Release|x86.ActiveCfg = Release|x86
		{4828DAEC-EF99-4553-B674-4374F77C6D66}.Release|x86.Build.0 = Release|x86
		{CE70724B-BDC1-4BE7-968C-3209574E094A}.Debug|Any CPU.ActiveCfg = Debug|Any CPU
		{CE70724B-BDC1-4BE7-968C-3209574E094A}.Debug|Any CPU.Build.0 = Debug|Any CPU
		{CE70724B-BDC1-4BE7-968C-3209574E094A}.Debug|x64.ActiveCfg = Debug|x64
		{CE70724B-BDC1-4BE7-968C-3209574E094A}.Debug|x64.Build.0 = Debug|x64
		{CE70724B-BDC1-4BE7-968C-3209574E094A}.Debug|x86.ActiveCfg = Debug|x86
		{CE70724B-BDC1-4BE7-968C-3209574E094A}.Debug|x86.Build.0 = Debug|x86
		{CE70724B-BDC1-4BE7-968C-3209574E094A}.Release|Any CPU.ActiveCfg = Release|Any CPU
		{CE70724B-BDC1-4BE7-968C-3209574E094A}.Release|Any CPU.Build.0 = Release|Any CPU
		{CE70724B-BDC1-4BE7-968C-3209574E094A}.Release|x64.ActiveCfg = Release|x64
		{CE70724B-BDC1-4BE7-968C-3209574E094A}.Release|x64.Build.0 = Release|x64
		{CE70724B-BDC1-4BE7-968C-3209574E094A}.Release|x86.ActiveCfg = Release|x86
		{CE70724B-BDC1-4BE7-968C-3209574E094A}.Release|x86.Build.0 = Release|x86
		{15826A77-C691-4AEC-99C7-F61E71C0F886}.Debug|Any CPU.ActiveCfg = Debug|Any CPU
		{15826A77-C691-4AEC-99C7-F61E71C0F886}.Debug|Any CPU.Build.0 = Debug|Any CPU
		{15826A77-C691-4AEC-99C7-F61E71C0F886}.Debug|x64.ActiveCfg = Debug|Any CPU
		{15826A77-C691-4AEC-99C7-F61E71C0F886}.Debug|x64.Build.0 = Debug|Any CPU
		{15826A77-C691-4AEC-99C7-F61E71C0F886}.Debug|x86.ActiveCfg = Debug|Any CPU
		{15826A77-C691-4AEC-99C7-F61E71C0F886}.Debug|x86.Build.0 = Debug|Any CPU
		{15826A77-C691-4AEC-99C7-F61E71C0F886}.Release|Any CPU.ActiveCfg = Release|Any CPU
		{15826A77-C691-4AEC-99C7-F61E71C0F886}.Release|Any CPU.Build.0 = Release|Any CPU
		{15826A77-C691-4AEC-99C7-F61E71C0F886}.Release|x64.ActiveCfg = Release|Any CPU
		{15826A77-C691-4AEC-99C7-F61E71C0F886}.Release|x64.Build.0 = Release|Any CPU
		{15826A77-C691-4AEC-99C7-F61E71C0F886}.Release|x86.ActiveCfg = Release|Any CPU
		{15826A77-C691-4AEC-99C7-F61E71C0F886}.Release|x86.Build.0 = Release|Any CPU
		{10994998-8C37-43E3-9389-930E212CFD31}.Debug|Any CPU.ActiveCfg = Debug|Any CPU
		{10994998-8C37-43E3-9389-930E212CFD31}.Debug|Any CPU.Build.0 = Debug|Any CPU
		{10994998-8C37-43E3-9389-930E212CFD31}.Debug|x64.ActiveCfg = Debug|Any CPU
		{10994998-8C37-43E3-9389-930E212CFD31}.Debug|x64.Build.0 = Debug|Any CPU
		{10994998-8C37-43E3-9389-930E212CFD31}.Debug|x86.ActiveCfg = Debug|Any CPU
		{10994998-8C37-43E3-9389-930E212CFD31}.Debug|x86.Build.0 = Debug|Any CPU
		{10994998-8C37-43E3-9389-930E212CFD31}.Release|Any CPU.ActiveCfg = Release|Any CPU
		{10994998-8C37-43E3-9389-930E212CFD31}.Release|Any CPU.Build.0 = Release|Any CPU
		{10994998-8C37-43E3-9389-930E212CFD31}.Release|x64.ActiveCfg = Release|Any CPU
		{10994998-8C37-43E3-9389-930E212CFD31}.Release|x64.Build.0 = Release|Any CPU
		{10994998-8C37-43E3-9389-930E212CFD31}.Release|x86.ActiveCfg = Release|Any CPU
		{10994998-8C37-43E3-9389-930E212CFD31}.Release|x86.Build.0 = Release|Any CPU
		{9719B937-612C-46FC-A9C8-37A1139CB4D9}.Debug|Any CPU.ActiveCfg = Debug|Any CPU
		{9719B937-612C-46FC-A9C8-37A1139CB4D9}.Debug|Any CPU.Build.0 = Debug|Any CPU
		{9719B937-612C-46FC-A9C8-37A1139CB4D9}.Debug|x64.ActiveCfg = Debug|Any CPU
		{9719B937-612C-46FC-A9C8-37A1139CB4D9}.Debug|x64.Build.0 = Debug|Any CPU
		{9719B937-612C-46FC-A9C8-37A1139CB4D9}.Debug|x86.ActiveCfg = Debug|Any CPU
		{9719B937-612C-46FC-A9C8-37A1139CB4D9}.Debug|x86.Build.0 = Debug|Any CPU
		{9719B937-612C-46FC-A9C8-37A1139CB4D9}.Release|Any CPU.ActiveCfg = Release|Any CPU
		{9719B937-612C-46FC-A9C8-37A1139CB4D9}.Release|Any CPU.Build.0 = Release|Any CPU
		{9719B937-612C-46FC-A9C8-37A1139CB4D9}.Release|x64.ActiveCfg = Release|Any CPU
		{9719B937-612C-46FC-A9C8-37A1139CB4D9}.Release|x64.Build.0 = Release|Any CPU
		{9719B937-612C-46FC-A9C8-37A1139CB4D9}.Release|x86.ActiveCfg = Release|Any CPU
		{9719B937-612C-46FC-A9C8-37A1139CB4D9}.Release|x86.Build.0 = Release|Any CPU
	EndGlobalSection
	GlobalSection(SolutionProperties) = preSolution
		HideSolutionNode = FALSE
	EndGlobalSection
	GlobalSection(ExtensibilityGlobals) = postSolution
		SolutionGuid = {3EB1CC0C-203D-4576-8032-987152A79CCA}
	EndGlobalSection
EndGlobal
