
Microsoft Visual Studio Solution File, Format Version 12.00
# Visual Studio Version 16
VisualStudioVersion = 16.0.30717.126
MinimumVisualStudioVersion = 10.0.40219.1
Project("{9A19103F-16F7-4668-BE54-9A1E7A4F7556}") = "WPFFirstSteps", "WPFFIrstSteps\WPFFirstSteps.csproj", "{9776FA67-16ED-435B-8045-DFC7C97DA1CA}"
EndProject
Project("{9A19103F-16F7-4668-BE54-9A1E7A4F7556}") = "TicTacToeWPF", "TicTacToeWPF\TicTacToeWPF.csproj", "{C4D46B7F-7B35-4548-9322-8455D1362D2B}"
EndProject
Project("{9A19103F-16F7-4668-BE54-9A1E7A4F7556}") = "TicTacToe", "TicTacToe\TicTacToe.csproj", "{07CAAD9A-090E-4FA2-85D5-CBB3AA39BFBC}"
EndProject
Project("{9A19103F-16F7-4668-BE54-9A1E7A4F7556}") = "DrumPad", "DrumPad\DrumPad.csproj", "{5B75D583-EEE2-47A4-9BFA-EC0C1D409E56}"
EndProject
Project("{2150E333-8FDC-42A3-9474-1A3956D46DE8}") = "SolutionItems", "SolutionItems", "{44686D74-14AA-4AED-B804-8F8227A732C0}"
	ProjectSection(SolutionItems) = preProject
		ReadMe.md = ReadMe.md
	EndProjectSection
EndProject
Project("{9A19103F-16F7-4668-BE54-9A1E7A4F7556}") = "Memory", "Memory\Memory.csproj", "{CA8BB79A-2C5D-43D0-A83A-9AA118445458}"
EndProject
Project("{2150E333-8FDC-42A3-9474-1A3956D46DE8}") = "Solution Items", "Solution Items", "{A53E334F-EA41-4704-A6BE-6A0CE9B3DA90}"
	ProjectSection(SolutionItems) = preProject
		.editorconfig = .editorconfig
	EndProjectSection
EndProject
Project("{FAE04EC0-301F-11D3-BF4B-00C04F79EFBC}") = "Container", "Container\Container.csproj", "{D8CB2371-A6CB-4D26-8A14-245EB8EBFB4C}"
EndProject
Project("{9A19103F-16F7-4668-BE54-9A1E7A4F7556}") = "ContainerTest", "ContainerTest\ContainerTest.csproj", "{7FC78F80-53A2-4ABD-964C-B4919C0CC6D7}"
EndProject
Project("{FAE04EC0-301F-11D3-BF4B-00C04F79EFBC}") = "TicTacToeTest", "TicTacToeTest\TicTacToeTest.csproj", "{967E17DD-F649-4DEB-8ED0-85B19F8D5F1B}"
EndProject
Project("{FAE04EC0-301F-11D3-BF4B-00C04F79EFBC}") = "Binding", "Binding\Binding.csproj", "{FBF188A2-CAA3-4A26-8E6C-CB7499B59557}"
EndProject
Global
	GlobalSection(SolutionConfigurationPlatforms) = preSolution
		Debug|Any CPU = Debug|Any CPU
		Release|Any CPU = Release|Any CPU
	EndGlobalSection
	GlobalSection(ProjectConfigurationPlatforms) = postSolution
		{9776FA67-16ED-435B-8045-DFC7C97DA1CA}.Debug|Any CPU.ActiveCfg = Debug|Any CPU
		{9776FA67-16ED-435B-8045-DFC7C97DA1CA}.Debug|Any CPU.Build.0 = Debug|Any CPU
		{9776FA67-16ED-435B-8045-DFC7C97DA1CA}.Release|Any CPU.ActiveCfg = Release|Any CPU
		{9776FA67-16ED-435B-8045-DFC7C97DA1CA}.Release|Any CPU.Build.0 = Release|Any CPU
		{C4D46B7F-7B35-4548-9322-8455D1362D2B}.Debug|Any CPU.ActiveCfg = Debug|Any CPU
		{C4D46B7F-7B35-4548-9322-8455D1362D2B}.Debug|Any CPU.Build.0 = Debug|Any CPU
		{C4D46B7F-7B35-4548-9322-8455D1362D2B}.Release|Any CPU.ActiveCfg = Release|Any CPU
		{C4D46B7F-7B35-4548-9322-8455D1362D2B}.Release|Any CPU.Build.0 = Release|Any CPU
		{07CAAD9A-090E-4FA2-85D5-CBB3AA39BFBC}.Debug|Any CPU.ActiveCfg = Debug|Any CPU
		{07CAAD9A-090E-4FA2-85D5-CBB3AA39BFBC}.Debug|Any CPU.Build.0 = Debug|Any CPU
		{07CAAD9A-090E-4FA2-85D5-CBB3AA39BFBC}.Release|Any CPU.ActiveCfg = Release|Any CPU
		{07CAAD9A-090E-4FA2-85D5-CBB3AA39BFBC}.Release|Any CPU.Build.0 = Release|Any CPU
		{5B75D583-EEE2-47A4-9BFA-EC0C1D409E56}.Debug|Any CPU.ActiveCfg = Debug|Any CPU
		{5B75D583-EEE2-47A4-9BFA-EC0C1D409E56}.Debug|Any CPU.Build.0 = Debug|Any CPU
		{5B75D583-EEE2-47A4-9BFA-EC0C1D409E56}.Release|Any CPU.ActiveCfg = Release|Any CPU
		{5B75D583-EEE2-47A4-9BFA-EC0C1D409E56}.Release|Any CPU.Build.0 = Release|Any CPU
		{CA8BB79A-2C5D-43D0-A83A-9AA118445458}.Debug|Any CPU.ActiveCfg = Debug|Any CPU
		{CA8BB79A-2C5D-43D0-A83A-9AA118445458}.Debug|Any CPU.Build.0 = Debug|Any CPU
		{CA8BB79A-2C5D-43D0-A83A-9AA118445458}.Release|Any CPU.ActiveCfg = Release|Any CPU
		{CA8BB79A-2C5D-43D0-A83A-9AA118445458}.Release|Any CPU.Build.0 = Release|Any CPU
		{D8CB2371-A6CB-4D26-8A14-245EB8EBFB4C}.Debug|Any CPU.ActiveCfg = Debug|Any CPU
		{D8CB2371-A6CB-4D26-8A14-245EB8EBFB4C}.Debug|Any CPU.Build.0 = Debug|Any CPU
		{D8CB2371-A6CB-4D26-8A14-245EB8EBFB4C}.Release|Any CPU.ActiveCfg = Release|Any CPU
		{D8CB2371-A6CB-4D26-8A14-245EB8EBFB4C}.Release|Any CPU.Build.0 = Release|Any CPU
		{7FC78F80-53A2-4ABD-964C-B4919C0CC6D7}.Debug|Any CPU.ActiveCfg = Debug|Any CPU
		{7FC78F80-53A2-4ABD-964C-B4919C0CC6D7}.Debug|Any CPU.Build.0 = Debug|Any CPU
		{7FC78F80-53A2-4ABD-964C-B4919C0CC6D7}.Release|Any CPU.ActiveCfg = Release|Any CPU
		{7FC78F80-53A2-4ABD-964C-B4919C0CC6D7}.Release|Any CPU.Build.0 = Release|Any CPU
		{967E17DD-F649-4DEB-8ED0-85B19F8D5F1B}.Debug|Any CPU.ActiveCfg = Debug|Any CPU
		{967E17DD-F649-4DEB-8ED0-85B19F8D5F1B}.Debug|Any CPU.Build.0 = Debug|Any CPU
		{967E17DD-F649-4DEB-8ED0-85B19F8D5F1B}.Release|Any CPU.ActiveCfg = Release|Any CPU
		{967E17DD-F649-4DEB-8ED0-85B19F8D5F1B}.Release|Any CPU.Build.0 = Release|Any CPU
		{FBF188A2-CAA3-4A26-8E6C-CB7499B59557}.Debug|Any CPU.ActiveCfg = Debug|Any CPU
		{FBF188A2-CAA3-4A26-8E6C-CB7499B59557}.Debug|Any CPU.Build.0 = Debug|Any CPU
		{FBF188A2-CAA3-4A26-8E6C-CB7499B59557}.Release|Any CPU.ActiveCfg = Release|Any CPU
		{FBF188A2-CAA3-4A26-8E6C-CB7499B59557}.Release|Any CPU.Build.0 = Release|Any CPU
	EndGlobalSection
	GlobalSection(SolutionProperties) = preSolution
		HideSolutionNode = FALSE
	EndGlobalSection
	GlobalSection(ExtensibilityGlobals) = postSolution
		SolutionGuid = {3EB1CC0C-203D-4576-8032-987152A79CCA}
	EndGlobalSection
EndGlobal
